
Microsoft Visual Studio Solution File, Format Version 12.00
# Visual Studio Version 16
VisualStudioVersion = 16.0.30413.136
MinimumVisualStudioVersion = 10.0.40219.1
Project("{FAE04EC0-301F-11D3-BF4B-00C04F79EFBC}") = "Shukla_Project4", "Shukla_Project4.csproj", "{386DAA05-A430-4065-8C64-A3A47282A9BA}"
EndProject
Global
	GlobalSection(SolutionConfigurationPlatforms) = preSolution
		Debug|Any CPU = Debug|Any CPU
		Release|Any CPU = Release|Any CPU
	EndGlobalSection
	GlobalSection(ProjectConfigurationPlatforms) = postSolution
		{386DAA05-A430-4065-8C64-A3A47282A9BA}.Debug|Any CPU.ActiveCfg = Debug|Any CPU
		{386DAA05-A430-4065-8C64-A3A47282A9BA}.Debug|Any CPU.Build.0 = Debug|Any CPU
		{386DAA05-A430-4065-8C64-A3A47282A9BA}.Release|Any CPU.ActiveCfg = Release|Any CPU
		{386DAA05-A430-4065-8C64-A3A47282A9BA}.Release|Any CPU.Build.0 = Release|Any CPU
	EndGlobalSection
	GlobalSection(SolutionProperties) = preSolution
		HideSolutionNode = FALSE
	EndGlobalSection
	GlobalSection(ExtensibilityGlobals) = postSolution
		SolutionGuid = {07CFBBB6-F01C-4187-99C5-FCCDDCA5D2FF}
	EndGlobalSection
EndGlobal
